
Microsoft Visual Studio Solution File, Format Version 12.00
# Visual Studio Version 16
VisualStudioVersion = 16.0.30907.101
MinimumVisualStudioVersion = 10.0.40219.1
Project("{FAE04EC0-301F-11D3-BF4B-00C04F79EFBC}") = "StockProjeto", "StockProjeto\StockProjeto.csproj", "{AE9AB6DE-7F36-4CB5-8780-22C54FB1546E}"
EndProject
Global
	GlobalSection(SolutionConfigurationPlatforms) = preSolution
		Debug|Any CPU = Debug|Any CPU
		Release|Any CPU = Release|Any CPU
	EndGlobalSection
	GlobalSection(ProjectConfigurationPlatforms) = postSolution
		{AE9AB6DE-7F36-4CB5-8780-22C54FB1546E}.Debug|Any CPU.ActiveCfg = Debug|Any CPU
		{AE9AB6DE-7F36-4CB5-8780-22C54FB1546E}.Debug|Any CPU.Build.0 = Debug|Any CPU
		{AE9AB6DE-7F36-4CB5-8780-22C54FB1546E}.Release|Any CPU.ActiveCfg = Release|Any CPU
		{AE9AB6DE-7F36-4CB5-8780-22C54FB1546E}.Release|Any CPU.Build.0 = Release|Any CPU
	EndGlobalSection
	GlobalSection(SolutionProperties) = preSolution
		HideSolutionNode = FALSE
	EndGlobalSection
	GlobalSection(ExtensibilityGlobals) = postSolution
		SolutionGuid = {64863F72-12C0-4F12-9212-6C240280D674}
	EndGlobalSection
EndGlobal
