
Microsoft Visual Studio Solution File, Format Version 12.00
# Visual Studio Version 16
VisualStudioVersion = 16.0.30907.101
MinimumVisualStudioVersion = 10.0.40219.1
Project("{FAE04EC0-301F-11D3-BF4B-00C04F79EFBC}") = "JogoGalo_ScoreBoard", "JogoGalo_ScoreBoard\JogoGalo_ScoreBoard.csproj", "{9EA46D47-B0AC-4767-B76C-59B15E712F97}"
EndProject
Global
	GlobalSection(SolutionConfigurationPlatforms) = preSolution
		Debug|Any CPU = Debug|Any CPU
		Release|Any CPU = Release|Any CPU
	EndGlobalSection
	GlobalSection(ProjectConfigurationPlatforms) = postSolution
		{9EA46D47-B0AC-4767-B76C-59B15E712F97}.Debug|Any CPU.ActiveCfg = Debug|Any CPU
		{9EA46D47-B0AC-4767-B76C-59B15E712F97}.Debug|Any CPU.Build.0 = Debug|Any CPU
		{9EA46D47-B0AC-4767-B76C-59B15E712F97}.Release|Any CPU.ActiveCfg = Release|Any CPU
		{9EA46D47-B0AC-4767-B76C-59B15E712F97}.Release|Any CPU.Build.0 = Release|Any CPU
	EndGlobalSection
	GlobalSection(SolutionProperties) = preSolution
		HideSolutionNode = FALSE
	EndGlobalSection
	GlobalSection(ExtensibilityGlobals) = postSolution
		SolutionGuid = {F1FE30E4-B52E-4CD8-ACC5-C5BAF066D361}
	EndGlobalSection
EndGlobal
